
Microsoft Visual Studio Solution File, Format Version 12.00
# Visual Studio Version 17
VisualStudioVersion = 17.3.32819.101
MinimumVisualStudioVersion = 10.0.40219.1
Project("{9A19103F-16F7-4668-BE54-9A1E7A4F7556}") = "TangyWeb_Server", "TangyWeb_Server\TangyWeb_Server.csproj", "{A2D46BE7-5851-4985-9DBE-7336CC590987}"
EndProject
Project("{9A19103F-16F7-4668-BE54-9A1E7A4F7556}") = "TangyWeb_Client", "TangyWeb_Client\TangyWeb_Client.csproj", "{463C0513-3555-48B0-AF84-BED917CF3BDC}"
EndProject
Project("{9A19103F-16F7-4668-BE54-9A1E7A4F7556}") = "Tangy_Models", "Tangy_Models\Tangy_Models.csproj", "{C053F19D-126B-41F6-9C81-E0612DDFE79D}"
EndProject
Global
	GlobalSection(SolutionConfigurationPlatforms) = preSolution
		Debug|Any CPU = Debug|Any CPU
		Release|Any CPU = Release|Any CPU
	EndGlobalSection
	GlobalSection(ProjectConfigurationPlatforms) = postSolution
		{A2D46BE7-5851-4985-9DBE-7336CC590987}.Debug|Any CPU.ActiveCfg = Debug|Any CPU
		{A2D46BE7-5851-4985-9DBE-7336CC590987}.Debug|Any CPU.Build.0 = Debug|Any CPU
		{A2D46BE7-5851-4985-9DBE-7336CC590987}.Release|Any CPU.ActiveCfg = Release|Any CPU
		{A2D46BE7-5851-4985-9DBE-7336CC590987}.Release|Any CPU.Build.0 = Release|Any CPU
		{463C0513-3555-48B0-AF84-BED917CF3BDC}.Debug|Any CPU.ActiveCfg = Debug|Any CPU
		{463C0513-3555-48B0-AF84-BED917CF3BDC}.Debug|Any CPU.Build.0 = Debug|Any CPU
		{463C0513-3555-48B0-AF84-BED917CF3BDC}.Release|Any CPU.ActiveCfg = Release|Any CPU
		{463C0513-3555-48B0-AF84-BED917CF3BDC}.Release|Any CPU.Build.0 = Release|Any CPU
		{C053F19D-126B-41F6-9C81-E0612DDFE79D}.Debug|Any CPU.ActiveCfg = Debug|Any CPU
		{C053F19D-126B-41F6-9C81-E0612DDFE79D}.Debug|Any CPU.Build.0 = Debug|Any CPU
		{C053F19D-126B-41F6-9C81-E0612DDFE79D}.Release|Any CPU.ActiveCfg = Release|Any CPU
		{C053F19D-126B-41F6-9C81-E0612DDFE79D}.Release|Any CPU.Build.0 = Release|Any CPU
	EndGlobalSection
	GlobalSection(SolutionProperties) = preSolution
		HideSolutionNode = FALSE
	EndGlobalSection
	GlobalSection(ExtensibilityGlobals) = postSolution
		SolutionGuid = {34CFFBA3-ADD9-4230-8B1C-752C3264F512}
	EndGlobalSection
EndGlobal
